// !$*UTF8*$!
{
	archiveVersion = 1;
	classes = {
	};
	objectVersion = 46;
	objects = {

/* Begin PBXBuildFile section */
		B1EF6CB61B61C3E9008C5BD4 /* SUIDGuardNG.h in Headers */ = {isa = PBXBuildFile; fileRef = B1EF6CB51B61C3E9008C5BD4 /* SUIDGuardNG.h */; };
		B1EF6CB81B61C3E9008C5BD4 /* SUIDGuardNG.cpp in Sources */ = {isa = PBXBuildFile; fileRef = B1EF6CB71B61C3E9008C5BD4 /* SUIDGuardNG.cpp */; };
/* End PBXBuildFile section */

/* Begin PBXFileReference section */
		B1EF6CB01B61C3E9008C5BD4 /* SUIDGuardNG.kext */ = {isa = PBXFileReference; explicitFileType = wrapper.cfbundle; includeInIndex = 0; path = SUIDGuardNG.kext; sourceTree = BUILT_PRODUCTS_DIR; };
		B1EF6CB41B61C3E9008C5BD4 /* Info.plist */ = {isa = PBXFileReference; lastKnownFileType = text.plist.xml; path = Info.plist; sourceTree = "<group>"; };
		B1EF6CB51B61C3E9008C5BD4 /* SUIDGuardNG.h */ = {isa = PBXFileReference; lastKnownFileType = sourcecode.c.h; path = SUIDGuardNG.h; sourceTree = "<group>"; };
		B1EF6CB71B61C3E9008C5BD4 /* SUIDGuardNG.cpp */ = {isa = PBXFileReference; lastKnownFileType = sourcecode.cpp.cpp; path = SUIDGuardNG.cpp; sourceTree = "<group>"; };
/* End PBXFileReference section */

/* Begin PBXFrameworksBuildPhase section */
		B1EF6CAC1B61C3E9008C5BD4 /* Frameworks */ = {
			isa = PBXFrameworksBuildPhase;
			buildActionMask = 2147483647;
			files = (
			);
			runOnlyForDeploymentPostprocessing = 0;
		};
/* End PBXFrameworksBuildPhase section */

/* Begin PBXGroup section */
		B1EF6CA61B61C3E9008C5BD4 = {
			isa = PBXGroup;
			children = (
				B1EF6CB21B61C3E9008C5BD4 /* SUIDGuardNG */,
				B1EF6CB11B61C3E9008C5BD4 /* Products */,
			);
			sourceTree = "<group>";
		};
		B1EF6CB11B61C3E9008C5BD4 /* Products */ = {
			isa = PBXGroup;
			children = (
				B1EF6CB01B61C3E9008C5BD4 /* SUIDGuardNG.kext */,
			);
			name = Products;
			sourceTree = "<group>";
		};
		B1EF6CB21B61C3E9008C5BD4 /* SUIDGuardNG */ = {
			isa = PBXGroup;
			children = (
				B1EF6CB51B61C3E9008C5BD4 /* SUIDGuardNG.h */,
				B1EF6CB71B61C3E9008C5BD4 /* SUIDGuardNG.cpp */,
				B1EF6CB31B61C3E9008C5BD4 /* Supporting Files */,
			);
			path = SUIDGuardNG;
			sourceTree = "<group>";
		};
		B1EF6CB31B61C3E9008C5BD4 /* Supporting Files */ = {
			isa = PBXGroup;
			children = (
				B1EF6CB41B61C3E9008C5BD4 /* Info.plist */,
			);
			name = "Supporting Files";
			sourceTree = "<group>";
		};
/* End PBXGroup section */

/* Begin PBXHeadersBuildPhase section */
		B1EF6CAD1B61C3E9008C5BD4 /* Headers */ = {
			isa = PBXHeadersBuildPhase;
			buildActionMask = 2147483647;
			files = (
				B1EF6CB61B61C3E9008C5BD4 /* SUIDGuardNG.h in Headers */,
			);
			runOnlyForDeploymentPostprocessing = 0;
		};
/* End PBXHeadersBuildPhase section */

/* Begin PBXNativeTarget section */
		B1EF6CAF1B61C3E9008C5BD4 /* SUIDGuardNG */ = {
			isa = PBXNativeTarget;
			buildConfigurationList = B1EF6CBB1B61C3E9008C5BD4 /* Build configuration list for PBXNativeTarget "SUIDGuardNG" */;
			buildPhases = (
				B1EF6CAB1B61C3E9008C5BD4 /* Sources */,
				B1EF6CAC1B61C3E9008C5BD4 /* Frameworks */,
				B1EF6CAD1B61C3E9008C5BD4 /* Headers */,
				B1EF6CAE1B61C3E9008C5BD4 /* Resources */,
			);
			buildRules = (
			);
			dependencies = (
			);
			name = SUIDGuardNG;
			productName = SUIDGuardNG;
			productReference = B1EF6CB01B61C3E9008C5BD4 /* SUIDGuardNG.kext */;
			productType = "com.apple.product-type.kernel-extension";
		};
/* End PBXNativeTarget section */

/* Begin PBXProject section */
		B1EF6CA71B61C3E9008C5BD4 /* Project object */ = {
			isa = PBXProject;
			attributes = {
				LastUpgradeCheck = 0640;
				ORGANIZATIONNAME = "SektionEins GmbH";
				TargetAttributes = {
					B1EF6CAF1B61C3E9008C5BD4 = {
						CreatedOnToolsVersion = 6.4;
					};
				};
			};
			buildConfigurationList = B1EF6CAA1B61C3E9008C5BD4 /* Build configuration list for PBXProject "SUIDGuardNG" */;
			compatibilityVersion = "Xcode 3.2";
			developmentRegion = English;
			hasScannedForEncodings = 0;
			knownRegions = (
				en,
			);
			mainGroup = B1EF6CA61B61C3E9008C5BD4;
			productRefGroup = B1EF6CB11B61C3E9008C5BD4 /* Products */;
			projectDirPath = "";
			projectRoot = "";
			targets = (
				B1EF6CAF1B61C3E9008C5BD4 /* SUIDGuardNG */,
			);
		};
/* End PBXProject section */

/* Begin PBXResourcesBuildPhase section */
		B1EF6CAE1B61C3E9008C5BD4 /* Resources */ = {
			isa = PBXResourcesBuildPhase;
			buildActionMask = 2147483647;
			files = (
			);
			runOnlyForDeploymentPostprocessing = 0;
		};
/* End PBXResourcesBuildPhase section */

/* Begin PBXSourcesBuildPhase section */
		B1EF6CAB1B61C3E9008C5BD4 /* Sources */ = {
			isa = PBXSourcesBuildPhase;
			buildActionMask = 2147483647;
			files = (
				B1EF6CB81B61C3E9008C5BD4 /* SUIDGuardNG.cpp in Sources */,
			);
			runOnlyForDeploymentPostprocessing = 0;
		};
/* End PBXSourcesBuildPhase section */

/* Begin XCBuildConfiguration section */
		B1EF6CB91B61C3E9008C5BD4 /* Debug */ = {
			isa = XCBuildConfiguration;
			buildSettings = {
				ALWAYS_SEARCH_USER_PATHS = NO;
				CLANG_CXX_LANGUAGE_STANDARD = "gnu++0x";
				CLANG_CXX_LIBRARY = "libc++";
				CLANG_ENABLE_MODULES = YES;
				CLANG_ENABLE_OBJC_ARC = YES;
				CLANG_WARN_BOOL_CONVERSION = YES;
				CLANG_WARN_CONSTANT_CONVERSION = YES;
				CLANG_WARN_DIRECT_OBJC_ISA_USAGE = YES_ERROR;
				CLANG_WARN_EMPTY_BODY = YES;
				CLANG_WARN_ENUM_CONVERSION = YES;
				CLANG_WARN_INT_CONVERSION = YES;
				CLANG_WARN_OBJC_ROOT_CLASS = YES_ERROR;
				CLANG_WARN_UNREACHABLE_CODE = YES;
				CLANG_WARN__DUPLICATE_METHOD_MATCH = YES;
				COPY_PHASE_STRIP = NO;
				DEBUG_INFORMATION_FORMAT = dwarf;
				ENABLE_STRICT_OBJC_MSGSEND = YES;
				GCC_C_LANGUAGE_STANDARD = gnu99;
				GCC_DYNAMIC_NO_PIC = NO;
				GCC_NO_COMMON_BLOCKS = YES;
				GCC_OPTIMIZATION_LEVEL = 0;
				GCC_PREPROCESSOR_DEFINITIONS = (
					"DEBUG=1",
					"$(inherited)",
				);
				GCC_SYMBOLS_PRIVATE_EXTERN = NO;
				GCC_WARN_64_TO_32_BIT_CONVERSION = YES;
				GCC_WARN_ABOUT_RETURN_TYPE = YES_ERROR;
				GCC_WARN_UNDECLARED_SELECTOR = YES;
				GCC_WARN_UNINITIALIZED_AUTOS = YES_AGGRESSIVE;
				GCC_WARN_UNUSED_FUNCTION = YES;
				GCC_WARN_UNUSED_VARIABLE = YES;
				MACOSX_DEPLOYMENT_TARGET = 10.10;
				MTL_ENABLE_DEBUG_INFO = YES;
				ONLY_ACTIVE_ARCH = YES;
				SDKROOT = macosx;
			};
			name = Debug;
		};
		B1EF6CBA1B61C3E9008C5BD4 /* Release */ = {
			isa = XCBuildConfiguration;
			buildSettings = {
				ALWAYS_SEARCH_USER_PATHS = NO;
				CLANG_CXX_LANGUAGE_STANDARD = "gnu++0x";
				CLANG_CXX_LIBRARY = "libc++";
				CLANG_ENABLE_MODULES = YES;
				CLANG_ENABLE_OBJC_ARC = YES;
				CLANG_WARN_BOOL_CONVERSION = YES;
				CLANG_WARN_CONSTANT_CONVERSION = YES;
				CLANG_WARN_DIRECT_OBJC_ISA_USAGE = YES_ERROR;
				CLANG_WARN_EMPTY_BODY = YES;
				CLANG_WARN_ENUM_CONVERSION = YES;
				CLANG_WARN_INT_CONVERSION = YES;
				CLANG_WARN_OBJC_ROOT_CLASS = YES_ERROR;
				CLANG_WARN_UNREACHABLE_CODE = YES;
				CLANG_WARN__DUPLICATE_METHOD_MATCH = YES;
				COPY_PHASE_STRIP = NO;
				DEBUG_INFORMATION_FORMAT = "dwarf-with-dsym";
				ENABLE_NS_ASSERTIONS = NO;
				ENABLE_STRICT_OBJC_MSGSEND = YES;
				GCC_C_LANGUAGE_STANDARD = gnu99;
				GCC_NO_COMMON_BLOCKS = YES;
				GCC_WARN_64_TO_32_BIT_CONVERSION = YES;
				GCC_WARN_ABOUT_RETURN_TYPE = YES_ERROR;
				GCC_WARN_UNDECLARED_SELECTOR = YES;
				GCC_WARN_UNINITIALIZED_AUTOS = YES_AGGRESSIVE;
				GCC_WARN_UNUSED_FUNCTION = YES;
				GCC_WARN_UNUSED_VARIABLE = YES;
				MACOSX_DEPLOYMENT_TARGET = 10.10;
				MTL_ENABLE_DEBUG_INFO = NO;
				SDKROOT = macosx;
			};
			name = Release;
		};
		B1EF6CBC1B61C3E9008C5BD4 /* Debug */ = {
			isa = XCBuildConfiguration;
			buildSettings = {
				CODE_SIGN_IDENTITY = "Developer ID Application";
				COMBINE_HIDPI_IMAGES = YES;
				CURRENT_PROJECT_VERSION = 1.0.6d;
				INFOPLIST_FILE = SUIDGuardNG/Info.plist;
				MODULE_NAME = com.sektioneins.kext.SUIDGuardNG;
				MODULE_START = SUIDGuard_start;
				MODULE_STOP = SUIDGuard_stop;
				MODULE_VERSION = 1.0.6;
				PRODUCT_NAME = "$(TARGET_NAME)";
				WRAPPER_EXTENSION = kext;
			};
			name = Debug;
		};
		B1EF6CBD1B61C3E9008C5BD4 /* Release */ = {
			isa = XCBuildConfiguration;
			buildSettings = {
				CODE_SIGN_IDENTITY = "Developer ID Application";
				COMBINE_HIDPI_IMAGES = YES;
				CURRENT_PROJECT_VERSION = 1.0.6;
				INFOPLIST_FILE = SUIDGuardNG/Info.plist;
				MODULE_NAME = com.sektioneins.kext.SUIDGuardNG;
				MODULE_START = SUIDGuard_start;
				MODULE_STOP = SUIDGuard_stop;
				MODULE_VERSION = 1.0.6;
				PRODUCT_NAME = "$(TARGET_NAME)";
				WRAPPER_EXTENSION = kext;
			};
			name = Release;
		};
/* End XCBuildConfiguration section */

/* Begin XCConfigurationList section */
		B1EF6CAA1B61C3E9008C5BD4 /* Build configuration list for PBXProject "SUIDGuardNG" */ = {
			isa = XCConfigurationList;
			buildConfigurations = (
				B1EF6CB91B61C3E9008C5BD4 /* Debug */,
				B1EF6CBA1B61C3E9008C5BD4 /* Release */,
			);
			defaultConfigurationIsVisible = 0;
			defaultConfigurationName = Release;
		};
		B1EF6CBB1B61C3E9008C5BD4 /* Build configuration list for PBXNativeTarget "SUIDGuardNG" */ = {
			isa = XCConfigurationList;
			buildConfigurations = (
				B1EF6CBC1B61C3E9008C5BD4 /* Debug */,
				B1EF6CBD1B61C3E9008C5BD4 /* Release */,
			);
			defaultConfigurationIsVisible = 0;
			defaultConfigurationName = Release;
		};
/* End XCConfigurationList section */
	};
	rootObject = B1EF6CA71B61C3E9008C5BD4 /* Project object */;
}
